// !$*UTF8*$!
{
	archiveVersion = 1;
	classes = {
	};
	objectVersion = 55;
	objects = {

/* Begin PBXBuildFile section */
		5405013427F63DAA001DE400 /* AppDelegate.swift in Sources */ = {isa = PBXBuildFile; fileRef = 5405013327F63DAA001DE400 /* AppDelegate.swift */; };
		5405013627F63DAA001DE400 /* SceneDelegate.swift in Sources */ = {isa = PBXBuildFile; fileRef = 5405013527F63DAA001DE400 /* SceneDelegate.swift */; };
		5405013827F63DAA001DE400 /* ViewController.swift in Sources */ = {isa = PBXBuildFile; fileRef = 5405013727F63DAA001DE400 /* ViewController.swift */; };
		5405013D27F63DAD001DE400 /* Assets.xcassets in Resources */ = {isa = PBXBuildFile; fileRef = 5405013C27F63DAD001DE400 /* Assets.xcassets */; };
		5405014027F63DAD001DE400 /* LaunchScreen.storyboard in Resources */ = {isa = PBXBuildFile; fileRef = 5405013E27F63DAD001DE400 /* LaunchScreen.storyboard */; };
		5405014927F63F27001DE400 /* NetworkService.swift in Sources */ = {isa = PBXBuildFile; fileRef = 5405014827F63F27001DE400 /* NetworkService.swift */; };
		5405014F27F64118001DE400 /* APIConstants.swift in Sources */ = {isa = PBXBuildFile; fileRef = 5405014E27F64118001DE400 /* APIConstants.swift */; };
		5405015127F643C1001DE400 /* Cocktail.swift in Sources */ = {isa = PBXBuildFile; fileRef = 5405015027F643C1001DE400 /* Cocktail.swift */; };
		5405015427F6445C001DE400 /* Alamofire in Frameworks */ = {isa = PBXBuildFile; productRef = 5405015327F6445C001DE400 /* Alamofire */; };
		5405015727F64474001DE400 /* SnapKit in Frameworks */ = {isa = PBXBuildFile; productRef = 5405015627F64474001DE400 /* SnapKit */; };
		5405016227F6DF7B001DE400 /* CustomCell.swift in Sources */ = {isa = PBXBuildFile; fileRef = 5405016127F6DF7B001DE400 /* CustomCell.swift */; };
		5405016427F6E232001DE400 /* CustomFlowLayot.swift in Sources */ = {isa = PBXBuildFile; fileRef = 5405016327F6E232001DE400 /* CustomFlowLayot.swift */; };
		5405016627F6FED2001DE400 /* Presenter.swift in Sources */ = {isa = PBXBuildFile; fileRef = 5405016527F6FED2001DE400 /* Presenter.swift */; };
		5405016827F716F3001DE400 /* AssemblyBuilder.swift in Sources */ = {isa = PBXBuildFile; fileRef = 5405016727F716F3001DE400 /* AssemblyBuilder.swift */; };
/* End PBXBuildFile section */

/* Begin PBXFileReference section */
		5405013027F63DA9001DE400 /* Cocktails_Party.app */ = {isa = PBXFileReference; explicitFileType = wrapper.application; includeInIndex = 0; path = Cocktails_Party.app; sourceTree = BUILT_PRODUCTS_DIR; };
		5405013327F63DAA001DE400 /* AppDelegate.swift */ = {isa = PBXFileReference; lastKnownFileType = sourcecode.swift; path = AppDelegate.swift; sourceTree = "<group>"; };
		5405013527F63DAA001DE400 /* SceneDelegate.swift */ = {isa = PBXFileReference; lastKnownFileType = sourcecode.swift; path = SceneDelegate.swift; sourceTree = "<group>"; };
		5405013727F63DAA001DE400 /* ViewController.swift */ = {isa = PBXFileReference; lastKnownFileType = sourcecode.swift; path = ViewController.swift; sourceTree = "<group>"; };
		5405013C27F63DAD001DE400 /* Assets.xcassets */ = {isa = PBXFileReference; lastKnownFileType = folder.assetcatalog; path = Assets.xcassets; sourceTree = "<group>"; };
		5405013F27F63DAD001DE400 /* Base */ = {isa = PBXFileReference; lastKnownFileType = file.storyboard; name = Base; path = Base.lproj/LaunchScreen.storyboard; sourceTree = "<group>"; };
		5405014127F63DAD001DE400 /* Info.plist */ = {isa = PBXFileReference; lastKnownFileType = text.plist.xml; path = Info.plist; sourceTree = "<group>"; };
		5405014827F63F27001DE400 /* NetworkService.swift */ = {isa = PBXFileReference; lastKnownFileType = sourcecode.swift; path = NetworkService.swift; sourceTree = "<group>"; };
		5405014E27F64118001DE400 /* APIConstants.swift */ = {isa = PBXFileReference; lastKnownFileType = sourcecode.swift; path = APIConstants.swift; sourceTree = "<group>"; };
		5405015027F643C1001DE400 /* Cocktail.swift */ = {isa = PBXFileReference; lastKnownFileType = sourcecode.swift; path = Cocktail.swift; sourceTree = "<group>"; };
		5405016127F6DF7B001DE400 /* CustomCell.swift */ = {isa = PBXFileReference; lastKnownFileType = sourcecode.swift; path = CustomCell.swift; sourceTree = "<group>"; };
		5405016327F6E232001DE400 /* CustomFlowLayot.swift */ = {isa = PBXFileReference; lastKnownFileType = sourcecode.swift; path = CustomFlowLayot.swift; sourceTree = "<group>"; };
		5405016527F6FED2001DE400 /* Presenter.swift */ = {isa = PBXFileReference; lastKnownFileType = sourcecode.swift; path = Presenter.swift; sourceTree = "<group>"; };
		5405016727F716F3001DE400 /* AssemblyBuilder.swift */ = {isa = PBXFileReference; lastKnownFileType = sourcecode.swift; path = AssemblyBuilder.swift; sourceTree = "<group>"; };
/* End PBXFileReference section */

/* Begin PBXFrameworksBuildPhase section */
		5405012D27F63DA9001DE400 /* Frameworks */ = {
			isa = PBXFrameworksBuildPhase;
			buildActionMask = 2147483647;
			files = (
				5405015427F6445C001DE400 /* Alamofire in Frameworks */,
				5405015727F64474001DE400 /* SnapKit in Frameworks */,
			);
			runOnlyForDeploymentPostprocessing = 0;
		};
/* End PBXFrameworksBuildPhase section */

/* Begin PBXGroup section */
		5405012727F63DA9001DE400 = {
			isa = PBXGroup;
			children = (
				5405013227F63DAA001DE400 /* Cocktails_Party */,
				5405013127F63DA9001DE400 /* Products */,
			);
			sourceTree = "<group>";
		};
		5405013127F63DA9001DE400 /* Products */ = {
			isa = PBXGroup;
			children = (
				5405013027F63DA9001DE400 /* Cocktails_Party.app */,
			);
			name = Products;
			sourceTree = "<group>";
		};
		5405013227F63DAA001DE400 /* Cocktails_Party */ = {
			isa = PBXGroup;
			children = (
				5405014727F63DE1001DE400 /* AppFiles */,
				5405013727F63DAA001DE400 /* ViewController.swift */,
				5405016727F716F3001DE400 /* AssemblyBuilder.swift */,
				5405016527F6FED2001DE400 /* Presenter.swift */,
				5405016327F6E232001DE400 /* CustomFlowLayot.swift */,
				5405016127F6DF7B001DE400 /* CustomCell.swift */,
				5405015927F644E3001DE400 /* NetworkLayer */,
				5405015827F644CC001DE400 /* Model */,
			);
			path = Cocktails_Party;
			sourceTree = "<group>";
		};
		5405014727F63DE1001DE400 /* AppFiles */ = {
			isa = PBXGroup;
			children = (
				5405013327F63DAA001DE400 /* AppDelegate.swift */,
				5405013527F63DAA001DE400 /* SceneDelegate.swift */,
				5405013C27F63DAD001DE400 /* Assets.xcassets */,
				5405013E27F63DAD001DE400 /* LaunchScreen.storyboard */,
				5405014127F63DAD001DE400 /* Info.plist */,
			);
			path = AppFiles;
			sourceTree = "<group>";
		};
		5405015827F644CC001DE400 /* Model */ = {
			isa = PBXGroup;
			children = (
				5405015027F643C1001DE400 /* Cocktail.swift */,
			);
			path = Model;
			sourceTree = "<group>";
		};
		5405015927F644E3001DE400 /* NetworkLayer */ = {
			isa = PBXGroup;
			children = (
				5405014827F63F27001DE400 /* NetworkService.swift */,
				5405014E27F64118001DE400 /* APIConstants.swift */,
			);
			path = NetworkLayer;
			sourceTree = "<group>";
		};
/* End PBXGroup section */

/* Begin PBXNativeTarget section */
		5405012F27F63DA9001DE400 /* Cocktails_Party */ = {
			isa = PBXNativeTarget;
			buildConfigurationList = 5405014427F63DAD001DE400 /* Build configuration list for PBXNativeTarget "Cocktails_Party" */;
			buildPhases = (
				5405012C27F63DA9001DE400 /* Sources */,
				5405012D27F63DA9001DE400 /* Frameworks */,
				5405012E27F63DA9001DE400 /* Resources */,
			);
			buildRules = (
			);
			dependencies = (
			);
			name = Cocktails_Party;
			packageProductDependencies = (
				5405015327F6445C001DE400 /* Alamofire */,
				5405015627F64474001DE400 /* SnapKit */,
			);
			productName = Cocktails_Party;
			productReference = 5405013027F63DA9001DE400 /* Cocktails_Party.app */;
			productType = "com.apple.product-type.application";
		};
/* End PBXNativeTarget section */

/* Begin PBXProject section */
		5405012827F63DA9001DE400 /* Project object */ = {
			isa = PBXProject;
			attributes = {
				BuildIndependentTargetsInParallel = 1;
				LastSwiftUpdateCheck = 1330;
				LastUpgradeCheck = 1330;
				TargetAttributes = {
					5405012F27F63DA9001DE400 = {
						CreatedOnToolsVersion = 13.3;
					};
				};
			};
			buildConfigurationList = 5405012B27F63DA9001DE400 /* Build configuration list for PBXProject "Cocktails_Party" */;
			compatibilityVersion = "Xcode 13.0";
			developmentRegion = en;
			hasScannedForEncodings = 0;
			knownRegions = (
				en,
				Base,
			);
			mainGroup = 5405012727F63DA9001DE400;
			packageReferences = (
				5405015227F6445C001DE400 /* XCRemoteSwiftPackageReference "Alamofire" */,
				5405015527F64474001DE400 /* XCRemoteSwiftPackageReference "SnapKit" */,
			);
			productRefGroup = 5405013127F63DA9001DE400 /* Products */;
			projectDirPath = "";
			projectRoot = "";
			targets = (
				5405012F27F63DA9001DE400 /* Cocktails_Party */,
			);
		};
/* End PBXProject section */

/* Begin PBXResourcesBuildPhase section */
		5405012E27F63DA9001DE400 /* Resources */ = {
			isa = PBXResourcesBuildPhase;
			buildActionMask = 2147483647;
			files = (
				5405014027F63DAD001DE400 /* LaunchScreen.storyboard in Resources */,
				5405013D27F63DAD001DE400 /* Assets.xcassets in Resources */,
			);
			runOnlyForDeploymentPostprocessing = 0;
		};
/* End PBXResourcesBuildPhase section */

/* Begin PBXSourcesBuildPhase section */
		5405012C27F63DA9001DE400 /* Sources */ = {
			isa = PBXSourcesBuildPhase;
			buildActionMask = 2147483647;
			files = (
				5405016627F6FED2001DE400 /* Presenter.swift in Sources */,
				5405016827F716F3001DE400 /* AssemblyBuilder.swift in Sources */,
				5405013827F63DAA001DE400 /* ViewController.swift in Sources */,
				5405016427F6E232001DE400 /* CustomFlowLayot.swift in Sources */,
				5405016227F6DF7B001DE400 /* CustomCell.swift in Sources */,
				5405013427F63DAA001DE400 /* AppDelegate.swift in Sources */,
				5405014927F63F27001DE400 /* NetworkService.swift in Sources */,
				5405014F27F64118001DE400 /* APIConstants.swift in Sources */,
				5405013627F63DAA001DE400 /* SceneDelegate.swift in Sources */,
				5405015127F643C1001DE400 /* Cocktail.swift in Sources */,
			);
			runOnlyForDeploymentPostprocessing = 0;
		};
/* End PBXSourcesBuildPhase section */

/* Begin PBXVariantGroup section */
		5405013E27F63DAD001DE400 /* LaunchScreen.storyboard */ = {
			isa = PBXVariantGroup;
			children = (
				5405013F27F63DAD001DE400 /* Base */,
			);
			name = LaunchScreen.storyboard;
			sourceTree = "<group>";
		};
/* End PBXVariantGroup section */

/* Begin XCBuildConfiguration section */
		5405014227F63DAD001DE400 /* Debug */ = {
			isa = XCBuildConfiguration;
			buildSettings = {
				ALWAYS_SEARCH_USER_PATHS = NO;
				CLANG_ANALYZER_NONNULL = YES;
				CLANG_ANALYZER_NUMBER_OBJECT_CONVERSION = YES_AGGRESSIVE;
				CLANG_CXX_LANGUAGE_STANDARD = "gnu++17";
				CLANG_ENABLE_MODULES = YES;
				CLANG_ENABLE_OBJC_ARC = YES;
				CLANG_ENABLE_OBJC_WEAK = YES;
				CLANG_WARN_BLOCK_CAPTURE_AUTORELEASING = YES;
				CLANG_WARN_BOOL_CONVERSION = YES;
				CLANG_WARN_COMMA = YES;
				CLANG_WARN_CONSTANT_CONVERSION = YES;
				CLANG_WARN_DEPRECATED_OBJC_IMPLEMENTATIONS = YES;
				CLANG_WARN_DIRECT_OBJC_ISA_USAGE = YES_ERROR;
				CLANG_WARN_DOCUMENTATION_COMMENTS = YES;
				CLANG_WARN_EMPTY_BODY = YES;
				CLANG_WARN_ENUM_CONVERSION = YES;
				CLANG_WARN_INFINITE_RECURSION = YES;
				CLANG_WARN_INT_CONVERSION = YES;
				CLANG_WARN_NON_LITERAL_NULL_CONVERSION = YES;
				CLANG_WARN_OBJC_IMPLICIT_RETAIN_SELF = YES;
				CLANG_WARN_OBJC_LITERAL_CONVERSION = YES;
				CLANG_WARN_OBJC_ROOT_CLASS = YES_ERROR;
				CLANG_WARN_QUOTED_INCLUDE_IN_FRAMEWORK_HEADER = YES;
				CLANG_WARN_RANGE_LOOP_ANALYSIS = YES;
				CLANG_WARN_STRICT_PROTOTYPES = YES;
				CLANG_WARN_SUSPICIOUS_MOVE = YES;
				CLANG_WARN_UNGUARDED_AVAILABILITY = YES_AGGRESSIVE;
				CLANG_WARN_UNREACHABLE_CODE = YES;
				CLANG_WARN__DUPLICATE_METHOD_MATCH = YES;
				COPY_PHASE_STRIP = NO;
				DEBUG_INFORMATION_FORMAT = dwarf;
				ENABLE_STRICT_OBJC_MSGSEND = YES;
				ENABLE_TESTABILITY = YES;
				GCC_C_LANGUAGE_STANDARD = gnu11;
				GCC_DYNAMIC_NO_PIC = NO;
				GCC_NO_COMMON_BLOCKS = YES;
				GCC_OPTIMIZATION_LEVEL = 0;
				GCC_PREPROCESSOR_DEFINITIONS = (
					"DEBUG=1",
					"$(inherited)",
				);
				GCC_WARN_64_TO_32_BIT_CONVERSION = YES;
				GCC_WARN_ABOUT_RETURN_TYPE = YES_ERROR;
				GCC_WARN_UNDECLARED_SELECTOR = YES;
				GCC_WARN_UNINITIALIZED_AUTOS = YES_AGGRESSIVE;
				GCC_WARN_UNUSED_FUNCTION = YES;
				GCC_WARN_UNUSED_VARIABLE = YES;
				IPHONEOS_DEPLOYMENT_TARGET = 15.4;
				MTL_ENABLE_DEBUG_INFO = INCLUDE_SOURCE;
				MTL_FAST_MATH = YES;
				ONLY_ACTIVE_ARCH = YES;
				SDKROOT = iphoneos;
				SWIFT_ACTIVE_COMPILATION_CONDITIONS = DEBUG;
				SWIFT_OPTIMIZATION_LEVEL = "-Onone";
			};
			name = Debug;
		};
		5405014327F63DAD001DE400 /* Release */ = {
			isa = XCBuildConfiguration;
			buildSettings = {
				ALWAYS_SEARCH_USER_PATHS = NO;
				CLANG_ANALYZER_NONNULL = YES;
				CLANG_ANALYZER_NUMBER_OBJECT_CONVERSION = YES_AGGRESSIVE;
				CLANG_CXX_LANGUAGE_STANDARD = "gnu++17";
				CLANG_ENABLE_MODULES = YES;
				CLANG_ENABLE_OBJC_ARC = YES;
				CLANG_ENABLE_OBJC_WEAK = YES;
				CLANG_WARN_BLOCK_CAPTURE_AUTORELEASING = YES;
				CLANG_WARN_BOOL_CONVERSION = YES;
				CLANG_WARN_COMMA = YES;
				CLANG_WARN_CONSTANT_CONVERSION = YES;
				CLANG_WARN_DEPRECATED_OBJC_IMPLEMENTATIONS = YES;
				CLANG_WARN_DIRECT_OBJC_ISA_USAGE = YES_ERROR;
				CLANG_WARN_DOCUMENTATION_COMMENTS = YES;
				CLANG_WARN_EMPTY_BODY = YES;
				CLANG_WARN_ENUM_CONVERSION = YES;
				CLANG_WARN_INFINITE_RECURSION = YES;
				CLANG_WARN_INT_CONVERSION = YES;
				CLANG_WARN_NON_LITERAL_NULL_CONVERSION = YES;
				CLANG_WARN_OBJC_IMPLICIT_RETAIN_SELF = YES;
				CLANG_WARN_OBJC_LITERAL_CONVERSION = YES;
				CLANG_WARN_OBJC_ROOT_CLASS = YES_ERROR;
				CLANG_WARN_QUOTED_INCLUDE_IN_FRAMEWORK_HEADER = YES;
				CLANG_WARN_RANGE_LOOP_ANALYSIS = YES;
				CLANG_WARN_STRICT_PROTOTYPES = YES;
				CLANG_WARN_SUSPICIOUS_MOVE = YES;
				CLANG_WARN_UNGUARDED_AVAILABILITY = YES_AGGRESSIVE;
				CLANG_WARN_UNREACHABLE_CODE = YES;
				CLANG_WARN__DUPLICATE_METHOD_MATCH = YES;
				COPY_PHASE_STRIP = NO;
				DEBUG_INFORMATION_FORMAT = "dwarf-with-dsym";
				ENABLE_NS_ASSERTIONS = NO;
				ENABLE_STRICT_OBJC_MSGSEND = YES;
				GCC_C_LANGUAGE_STANDARD = gnu11;
				GCC_NO_COMMON_BLOCKS = YES;
				GCC_WARN_64_TO_32_BIT_CONVERSION = YES;
				GCC_WARN_ABOUT_RETURN_TYPE = YES_ERROR;
				GCC_WARN_UNDECLARED_SELECTOR = YES;
				GCC_WARN_UNINITIALIZED_AUTOS = YES_AGGRESSIVE;
				GCC_WARN_UNUSED_FUNCTION = YES;
				GCC_WARN_UNUSED_VARIABLE = YES;
				IPHONEOS_DEPLOYMENT_TARGET = 15.4;
				MTL_ENABLE_DEBUG_INFO = NO;
				MTL_FAST_MATH = YES;
				SDKROOT = iphoneos;
				SWIFT_COMPILATION_MODE = wholemodule;
				SWIFT_OPTIMIZATION_LEVEL = "-O";
				VALIDATE_PRODUCT = YES;
			};
			name = Release;
		};
		5405014527F63DAD001DE400 /* Debug */ = {
			isa = XCBuildConfiguration;
			buildSettings = {
				ASSETCATALOG_COMPILER_APPICON_NAME = AppIcon;
				ASSETCATALOG_COMPILER_GLOBAL_ACCENT_COLOR_NAME = AccentColor;
				CODE_SIGN_STYLE = Automatic;
				CURRENT_PROJECT_VERSION = 1;
				GENERATE_INFOPLIST_FILE = YES;
				INFOPLIST_FILE = Cocktails_Party/AppFiles/Info.plist;
				INFOPLIST_KEY_UIApplicationSupportsIndirectInputEvents = YES;
				INFOPLIST_KEY_UILaunchStoryboardName = LaunchScreen;
				INFOPLIST_KEY_UIMainStoryboardFile = "";
				INFOPLIST_KEY_UISupportedInterfaceOrientations_iPad = "UIInterfaceOrientationPortrait UIInterfaceOrientationPortraitUpsideDown UIInterfaceOrientationLandscapeLeft UIInterfaceOrientationLandscapeRight";
				INFOPLIST_KEY_UISupportedInterfaceOrientations_iPhone = "UIInterfaceOrientationPortrait UIInterfaceOrientationLandscapeLeft UIInterfaceOrientationLandscapeRight";
				LD_RUNPATH_SEARCH_PATHS = (
					"$(inherited)",
					"@executable_path/Frameworks",
				);
				MARKETING_VERSION = 1.0;
				PRODUCT_BUNDLE_IDENTIFIER = "Anton-Volkov.Cocktails-Party";
				PRODUCT_NAME = "$(TARGET_NAME)";
				SWIFT_EMIT_LOC_STRINGS = YES;
				SWIFT_VERSION = 5.0;
				TARGETED_DEVICE_FAMILY = "1,2";
			};
			name = Debug;
		};
		5405014627F63DAD001DE400 /* Release */ = {
			isa = XCBuildConfiguration;
			buildSettings = {
				ASSETCATALOG_COMPILER_APPICON_NAME = AppIcon;
				ASSETCATALOG_COMPILER_GLOBAL_ACCENT_COLOR_NAME = AccentColor;
				CODE_SIGN_STYLE = Automatic;
				CURRENT_PROJECT_VERSION = 1;
				GENERATE_INFOPLIST_FILE = YES;
				INFOPLIST_FILE = Cocktails_Party/AppFiles/Info.plist;
				INFOPLIST_KEY_UIApplicationSupportsIndirectInputEvents = YES;
				INFOPLIST_KEY_UILaunchStoryboardName = LaunchScreen;
				INFOPLIST_KEY_UIMainStoryboardFile = "";
				INFOPLIST_KEY_UISupportedInterfaceOrientations_iPad = "UIInterfaceOrientationPortrait UIInterfaceOrientationPortraitUpsideDown UIInterfaceOrientationLandscapeLeft UIInterfaceOrientationLandscapeRight";
				INFOPLIST_KEY_UISupportedInterfaceOrientations_iPhone = "UIInterfaceOrientationPortrait UIInterfaceOrientationLandscapeLeft UIInterfaceOrientationLandscapeRight";
				LD_RUNPATH_SEARCH_PATHS = (
					"$(inherited)",
					"@executable_path/Frameworks",
				);
				MARKETING_VERSION = 1.0;
				PRODUCT_BUNDLE_IDENTIFIER = "Anton-Volkov.Cocktails-Party";
				PRODUCT_NAME = "$(TARGET_NAME)";
				SWIFT_EMIT_LOC_STRINGS = YES;
				SWIFT_VERSION = 5.0;
				TARGETED_DEVICE_FAMILY = "1,2";
			};
			name = Release;
		};
/* End XCBuildConfiguration section */

/* Begin XCConfigurationList section */
		5405012B27F63DA9001DE400 /* Build configuration list for PBXProject "Cocktails_Party" */ = {
			isa = XCConfigurationList;
			buildConfigurations = (
				5405014227F63DAD001DE400 /* Debug */,
				5405014327F63DAD001DE400 /* Release */,
			);
			defaultConfigurationIsVisible = 0;
			defaultConfigurationName = Release;
		};
		5405014427F63DAD001DE400 /* Build configuration list for PBXNativeTarget "Cocktails_Party" */ = {
			isa = XCConfigurationList;
			buildConfigurations = (
				5405014527F63DAD001DE400 /* Debug */,
				5405014627F63DAD001DE400 /* Release */,
			);
			defaultConfigurationIsVisible = 0;
			defaultConfigurationName = Release;
		};
/* End XCConfigurationList section */

/* Begin XCRemoteSwiftPackageReference section */
		5405015227F6445C001DE400 /* XCRemoteSwiftPackageReference "Alamofire" */ = {
			isa = XCRemoteSwiftPackageReference;
			repositoryURL = "https://github.com/Alamofire/Alamofire.git";
			requirement = {
				kind = upToNextMajorVersion;
				minimumVersion = 5.0.0;
			};
		};
		5405015527F64474001DE400 /* XCRemoteSwiftPackageReference "SnapKit" */ = {
			isa = XCRemoteSwiftPackageReference;
			repositoryURL = "https://github.com/SnapKit/SnapKit.git";
			requirement = {
				branch = develop;
				kind = branch;
			};
		};
/* End XCRemoteSwiftPackageReference section */

/* Begin XCSwiftPackageProductDependency section */
		5405015327F6445C001DE400 /* Alamofire */ = {
			isa = XCSwiftPackageProductDependency;
			package = 5405015227F6445C001DE400 /* XCRemoteSwiftPackageReference "Alamofire" */;
			productName = Alamofire;
		};
		5405015627F64474001DE400 /* SnapKit */ = {
			isa = XCSwiftPackageProductDependency;
			package = 5405015527F64474001DE400 /* XCRemoteSwiftPackageReference "SnapKit" */;
			productName = SnapKit;
		};
/* End XCSwiftPackageProductDependency section */
	};
	rootObject = 5405012827F63DA9001DE400 /* Project object */;
}
